
Microsoft Visual Studio Solution File, Format Version 12.00
# Visual Studio Version 17
VisualStudioVersion = 17.4.33213.308
MinimumVisualStudioVersion = 10.0.40219.1
Project("{9A19103F-16F7-4668-BE54-9A1E7A4F7556}") = "One.Core", "One.Core\One.Core.csproj", "{6D3E5E4D-4510-494C-9CF7-BAE20322AD47}"
EndProject
Project("{9A19103F-16F7-4668-BE54-9A1E7A4F7556}") = "One.Control", "One.Control\One.Control.csproj", "{71D8601B-4553-41DC-B772-951D74BF5A73}"
EndProject
Project("{9A19103F-16F7-4668-BE54-9A1E7A4F7556}") = "One.AutoUpdater", "One.AutoUpdater\One.AutoUpdater.csproj", "{AAEA1315-69AB-4F54-BB50-9EB92CCA4516}"
EndProject
Project("{9A19103F-16F7-4668-BE54-9A1E7A4F7556}") = "ZipExtractor", "ZipExtractor\ZipExtractor.csproj", "{6821B823-59F3-4BD7-9D0E-5CC7917C10ED}"
EndProject
Project("{2150E333-8FDC-42A3-9474-1A3956D46DE8}") = "解决方案项", "解决方案项", "{6F59255C-FE63-401C-9EBE-51ABD09418F3}"
	ProjectSection(SolutionItems) = preProject
		.github\workflows\DeploySite.yml = .github\workflows\DeploySite.yml
		README.md = README.md
		.github\workflows\Publish.yml = .github\workflows\Publish.yml
		.github\workflows\release-drafter.yml = .github\workflows\release-drafter.yml
	EndProjectSection
EndProject
Project("{9A19103F-16F7-4668-BE54-9A1E7A4F7556}") = "One.Toolbox", "One.Toolbox\One.Toolbox.csproj", "{FADB6AF7-4ED9-407D-8A3B-957A1B509550}"
EndProject
Global
	GlobalSection(SolutionConfigurationPlatforms) = preSolution
		Debug|Any CPU = Debug|Any CPU
		Release|Any CPU = Release|Any CPU
	EndGlobalSection
	GlobalSection(ProjectConfigurationPlatforms) = postSolution
		{6D3E5E4D-4510-494C-9CF7-BAE20322AD47}.Debug|Any CPU.ActiveCfg = Debug|Any CPU
		{6D3E5E4D-4510-494C-9CF7-BAE20322AD47}.Debug|Any CPU.Build.0 = Debug|Any CPU
		{6D3E5E4D-4510-494C-9CF7-BAE20322AD47}.Release|Any CPU.ActiveCfg = Release|Any CPU
		{6D3E5E4D-4510-494C-9CF7-BAE20322AD47}.Release|Any CPU.Build.0 = Release|Any CPU
		{71D8601B-4553-41DC-B772-951D74BF5A73}.Debug|Any CPU.ActiveCfg = Debug|Any CPU
		{71D8601B-4553-41DC-B772-951D74BF5A73}.Debug|Any CPU.Build.0 = Debug|Any CPU
		{71D8601B-4553-41DC-B772-951D74BF5A73}.Release|Any CPU.ActiveCfg = Release|Any CPU
		{71D8601B-4553-41DC-B772-951D74BF5A73}.Release|Any CPU.Build.0 = Release|Any CPU
		{AAEA1315-69AB-4F54-BB50-9EB92CCA4516}.Debug|Any CPU.ActiveCfg = Debug|Any CPU
		{AAEA1315-69AB-4F54-BB50-9EB92CCA4516}.Debug|Any CPU.Build.0 = Debug|Any CPU
		{AAEA1315-69AB-4F54-BB50-9EB92CCA4516}.Release|Any CPU.ActiveCfg = Release|Any CPU
		{AAEA1315-69AB-4F54-BB50-9EB92CCA4516}.Release|Any CPU.Build.0 = Release|Any CPU
		{6821B823-59F3-4BD7-9D0E-5CC7917C10ED}.Debug|Any CPU.ActiveCfg = Debug|Any CPU
		{6821B823-59F3-4BD7-9D0E-5CC7917C10ED}.Debug|Any CPU.Build.0 = Debug|Any CPU
		{6821B823-59F3-4BD7-9D0E-5CC7917C10ED}.Release|Any CPU.ActiveCfg = Release|Any CPU
		{6821B823-59F3-4BD7-9D0E-5CC7917C10ED}.Release|Any CPU.Build.0 = Release|Any CPU
		{FADB6AF7-4ED9-407D-8A3B-957A1B509550}.Debug|Any CPU.ActiveCfg = Debug|Any CPU
		{FADB6AF7-4ED9-407D-8A3B-957A1B509550}.Debug|Any CPU.Build.0 = Debug|Any CPU
		{FADB6AF7-4ED9-407D-8A3B-957A1B509550}.Release|Any CPU.ActiveCfg = Release|Any CPU
		{FADB6AF7-4ED9-407D-8A3B-957A1B509550}.Release|Any CPU.Build.0 = Release|Any CPU
	EndGlobalSection
	GlobalSection(SolutionProperties) = preSolution
		HideSolutionNode = FALSE
	EndGlobalSection
	GlobalSection(ExtensibilityGlobals) = postSolution
		SolutionGuid = {BBC16CF7-8AB1-454E-82D5-D1CB02169DE3}
	EndGlobalSection
EndGlobal
